
Microsoft Visual Studio Solution File, Format Version 12.00
# Visual Studio Version 16
VisualStudioVersion = 16.0.29025.244
MinimumVisualStudioVersion = 10.0.40219.1
Project("{FAE04EC0-301F-11D3-BF4B-00C04F79EFBC}") = "PerfSurf", "PerfSurf\PerfSurf.csproj", "{CF5D2E5F-73C5-49E0-B524-EA40E2D1DA60}"
EndProject
Global
	GlobalSection(SolutionConfigurationPlatforms) = preSolution
		Debug|Any CPU = Debug|Any CPU
		Release|Any CPU = Release|Any CPU
	EndGlobalSection
	GlobalSection(ProjectConfigurationPlatforms) = postSolution
		{CF5D2E5F-73C5-49E0-B524-EA40E2D1DA60}.Debug|Any CPU.ActiveCfg = Debug|Any CPU
		{CF5D2E5F-73C5-49E0-B524-EA40E2D1DA60}.Debug|Any CPU.Build.0 = Debug|Any CPU
		{CF5D2E5F-73C5-49E0-B524-EA40E2D1DA60}.Release|Any CPU.ActiveCfg = Release|Any CPU
		{CF5D2E5F-73C5-49E0-B524-EA40E2D1DA60}.Release|Any CPU.Build.0 = Release|Any CPU
	EndGlobalSection
	GlobalSection(SolutionProperties) = preSolution
		HideSolutionNode = FALSE
	EndGlobalSection
	GlobalSection(ExtensibilityGlobals) = postSolution
		SolutionGuid = {D7CCE853-A18C-458A-A80E-018E0103C647}
	EndGlobalSection
EndGlobal
